// !$*UTF8*$!
{
	archiveVersion = 1;
	classes = {
	};
	objectVersion = 50;
	objects = {

/* Begin PBXBuildFile section */
		B4A329342196176100AFABD1 /* AppDelegate.swift in Sources */ = {isa = PBXBuildFile; fileRef = B4A329332196176100AFABD1 /* AppDelegate.swift */; };
		B4A329392196176100AFABD1 /* Main.storyboard in Resources */ = {isa = PBXBuildFile; fileRef = B4A329372196176100AFABD1 /* Main.storyboard */; };
		B4A3293B2196176300AFABD1 /* Assets.xcassets in Resources */ = {isa = PBXBuildFile; fileRef = B4A3293A2196176300AFABD1 /* Assets.xcassets */; };
		B4A3293E2196176300AFABD1 /* LaunchScreen.storyboard in Resources */ = {isa = PBXBuildFile; fileRef = B4A3293C2196176300AFABD1 /* LaunchScreen.storyboard */; };
		B4A329482196193400AFABD1 /* ShowsViewController.swift in Sources */ = {isa = PBXBuildFile; fileRef = B4A329452196193300AFABD1 /* ShowsViewController.swift */; };
		B4A329492196193400AFABD1 /* FavoritesViewController.swift in Sources */ = {isa = PBXBuildFile; fileRef = B4A329462196193300AFABD1 /* FavoritesViewController.swift */; };
		B4A3294A2196193400AFABD1 /* ShowTableViewCell.swift in Sources */ = {isa = PBXBuildFile; fileRef = B4A329472196193300AFABD1 /* ShowTableViewCell.swift */; };
		B4A3294C21961ACF00AFABD1 /* APIController.swift in Sources */ = {isa = PBXBuildFile; fileRef = B4A3294B21961ACF00AFABD1 /* APIController.swift */; };
		B4A3294E21961AF600AFABD1 /* SimpleRequests.swift in Sources */ = {isa = PBXBuildFile; fileRef = B4A3294D21961AF500AFABD1 /* SimpleRequests.swift */; };
		B4A3295021961B1000AFABD1 /* Extensions.swift in Sources */ = {isa = PBXBuildFile; fileRef = B4A3294F21961B1000AFABD1 /* Extensions.swift */; };
		B4A3295221961E4500AFABD1 /* Model.swift in Sources */ = {isa = PBXBuildFile; fileRef = B4A3295121961E4500AFABD1 /* Model.swift */; };
		B4A3295421964F5400AFABD1 /* DetailViewController.swift in Sources */ = {isa = PBXBuildFile; fileRef = B4A3295321964F5400AFABD1 /* DetailViewController.swift */; };
		B4A3295721965CF800AFABD1 /* CoreDataNames.swift in Sources */ = {isa = PBXBuildFile; fileRef = B4A3295621965CF800AFABD1 /* CoreDataNames.swift */; };
		B4A3295B21965D4000AFABD1 /* Shows.xcdatamodeld in Sources */ = {isa = PBXBuildFile; fileRef = B4A3295921965D4000AFABD1 /* Shows.xcdatamodeld */; };
		B4A3295E21965E6D00AFABD1 /* Show+CoreDataClass.swift in Sources */ = {isa = PBXBuildFile; fileRef = B4A3295C21965E6D00AFABD1 /* Show+CoreDataClass.swift */; };
		B4A3295F21965E6D00AFABD1 /* Show+CoreDataProperties.swift in Sources */ = {isa = PBXBuildFile; fileRef = B4A3295D21965E6D00AFABD1 /* Show+CoreDataProperties.swift */; };
		B4A3296121965F9900AFABD1 /* CoreDataShows.swift in Sources */ = {isa = PBXBuildFile; fileRef = B4A3296021965F9900AFABD1 /* CoreDataShows.swift */; };
/* End PBXBuildFile section */

/* Begin PBXFileReference section */
		B4A329302196176100AFABD1 /* GoNetTVShowsiOSChanllenge.app */ = {isa = PBXFileReference; explicitFileType = wrapper.application; includeInIndex = 0; path = GoNetTVShowsiOSChanllenge.app; sourceTree = BUILT_PRODUCTS_DIR; };
		B4A329332196176100AFABD1 /* AppDelegate.swift */ = {isa = PBXFileReference; lastKnownFileType = sourcecode.swift; path = AppDelegate.swift; sourceTree = "<group>"; };
		B4A329382196176100AFABD1 /* Base */ = {isa = PBXFileReference; lastKnownFileType = file.storyboard; name = Base; path = Base.lproj/Main.storyboard; sourceTree = "<group>"; };
		B4A3293A2196176300AFABD1 /* Assets.xcassets */ = {isa = PBXFileReference; lastKnownFileType = folder.assetcatalog; path = Assets.xcassets; sourceTree = "<group>"; };
		B4A3293D2196176300AFABD1 /* Base */ = {isa = PBXFileReference; lastKnownFileType = file.storyboard; name = Base; path = Base.lproj/LaunchScreen.storyboard; sourceTree = "<group>"; };
		B4A3293F2196176300AFABD1 /* Info.plist */ = {isa = PBXFileReference; lastKnownFileType = text.plist.xml; path = Info.plist; sourceTree = "<group>"; };
		B4A329452196193300AFABD1 /* ShowsViewController.swift */ = {isa = PBXFileReference; fileEncoding = 4; lastKnownFileType = sourcecode.swift; path = ShowsViewController.swift; sourceTree = "<group>"; };
		B4A329462196193300AFABD1 /* FavoritesViewController.swift */ = {isa = PBXFileReference; fileEncoding = 4; lastKnownFileType = sourcecode.swift; path = FavoritesViewController.swift; sourceTree = "<group>"; };
		B4A329472196193300AFABD1 /* ShowTableViewCell.swift */ = {isa = PBXFileReference; fileEncoding = 4; lastKnownFileType = sourcecode.swift; path = ShowTableViewCell.swift; sourceTree = "<group>"; };
		B4A3294B21961ACF00AFABD1 /* APIController.swift */ = {isa = PBXFileReference; lastKnownFileType = sourcecode.swift; path = APIController.swift; sourceTree = "<group>"; };
		B4A3294D21961AF500AFABD1 /* SimpleRequests.swift */ = {isa = PBXFileReference; fileEncoding = 4; lastKnownFileType = sourcecode.swift; path = SimpleRequests.swift; sourceTree = "<group>"; };
		B4A3294F21961B1000AFABD1 /* Extensions.swift */ = {isa = PBXFileReference; lastKnownFileType = sourcecode.swift; path = Extensions.swift; sourceTree = "<group>"; };
		B4A3295121961E4500AFABD1 /* Model.swift */ = {isa = PBXFileReference; lastKnownFileType = sourcecode.swift; path = Model.swift; sourceTree = "<group>"; };
		B4A3295321964F5400AFABD1 /* DetailViewController.swift */ = {isa = PBXFileReference; lastKnownFileType = sourcecode.swift; path = DetailViewController.swift; sourceTree = "<group>"; };
		B4A3295621965CF800AFABD1 /* CoreDataNames.swift */ = {isa = PBXFileReference; lastKnownFileType = sourcecode.swift; path = CoreDataNames.swift; sourceTree = "<group>"; };
		B4A3295A21965D4000AFABD1 /* Shows.xcdatamodel */ = {isa = PBXFileReference; lastKnownFileType = wrapper.xcdatamodel; path = Shows.xcdatamodel; sourceTree = "<group>"; };
		B4A3295C21965E6D00AFABD1 /* Show+CoreDataClass.swift */ = {isa = PBXFileReference; lastKnownFileType = sourcecode.swift; path = "Show+CoreDataClass.swift"; sourceTree = "<group>"; };
		B4A3295D21965E6D00AFABD1 /* Show+CoreDataProperties.swift */ = {isa = PBXFileReference; lastKnownFileType = sourcecode.swift; path = "Show+CoreDataProperties.swift"; sourceTree = "<group>"; };
		B4A3296021965F9900AFABD1 /* CoreDataShows.swift */ = {isa = PBXFileReference; fileEncoding = 4; lastKnownFileType = sourcecode.swift; path = CoreDataShows.swift; sourceTree = "<group>"; };
/* End PBXFileReference section */

/* Begin PBXFrameworksBuildPhase section */
		B4A3292D2196176100AFABD1 /* Frameworks */ = {
			isa = PBXFrameworksBuildPhase;
			buildActionMask = 2147483647;
			files = (
			);
			runOnlyForDeploymentPostprocessing = 0;
		};
/* End PBXFrameworksBuildPhase section */

/* Begin PBXGroup section */
		B4A329272196176100AFABD1 = {
			isa = PBXGroup;
			children = (
				B4A329322196176100AFABD1 /* GoNetTVShowsiOSChanllenge */,
				B4A329312196176100AFABD1 /* Products */,
			);
			sourceTree = "<group>";
		};
		B4A329312196176100AFABD1 /* Products */ = {
			isa = PBXGroup;
			children = (
				B4A329302196176100AFABD1 /* GoNetTVShowsiOSChanllenge.app */,
			);
			name = Products;
			sourceTree = "<group>";
		};
		B4A329322196176100AFABD1 /* GoNetTVShowsiOSChanllenge */ = {
			isa = PBXGroup;
			children = (
				B4A329332196176100AFABD1 /* AppDelegate.swift */,
				B4A329452196193300AFABD1 /* ShowsViewController.swift */,
				B4A329462196193300AFABD1 /* FavoritesViewController.swift */,
				B4A3295321964F5400AFABD1 /* DetailViewController.swift */,
				B4A329472196193300AFABD1 /* ShowTableViewCell.swift */,
				B4A3295821965D0200AFABD1 /* Persistance */,
				B4A3295521965C7500AFABD1 /* Utilities */,
				B4A329372196176100AFABD1 /* Main.storyboard */,
				B4A3293A2196176300AFABD1 /* Assets.xcassets */,
				B4A3293C2196176300AFABD1 /* LaunchScreen.storyboard */,
				B4A3293F2196176300AFABD1 /* Info.plist */,
			);
			path = GoNetTVShowsiOSChanllenge;
			sourceTree = "<group>";
		};
		B4A3295521965C7500AFABD1 /* Utilities */ = {
			isa = PBXGroup;
			children = (
				B4A3294B21961ACF00AFABD1 /* APIController.swift */,
				B4A3295121961E4500AFABD1 /* Model.swift */,
				B4A3294F21961B1000AFABD1 /* Extensions.swift */,
				B4A3294D21961AF500AFABD1 /* SimpleRequests.swift */,
			);
			path = Utilities;
			sourceTree = "<group>";
		};
		B4A3295821965D0200AFABD1 /* Persistance */ = {
			isa = PBXGroup;
			children = (
				B4A3296021965F9900AFABD1 /* CoreDataShows.swift */,
				B4A3295C21965E6D00AFABD1 /* Show+CoreDataClass.swift */,
				B4A3295D21965E6D00AFABD1 /* Show+CoreDataProperties.swift */,
				B4A3295621965CF800AFABD1 /* CoreDataNames.swift */,
				B4A3295921965D4000AFABD1 /* Shows.xcdatamodeld */,
			);
			path = Persistance;
			sourceTree = "<group>";
		};
/* End PBXGroup section */

/* Begin PBXNativeTarget section */
		B4A3292F2196176100AFABD1 /* GoNetTVShowsiOSChanllenge */ = {
			isa = PBXNativeTarget;
			buildConfigurationList = B4A329422196176300AFABD1 /* Build configuration list for PBXNativeTarget "GoNetTVShowsiOSChanllenge" */;
			buildPhases = (
				B4A3292C2196176100AFABD1 /* Sources */,
				B4A3292D2196176100AFABD1 /* Frameworks */,
				B4A3292E2196176100AFABD1 /* Resources */,
			);
			buildRules = (
			);
			dependencies = (
			);
			name = GoNetTVShowsiOSChanllenge;
			productName = GoNetTVShowsiOSChanllenge;
			productReference = B4A329302196176100AFABD1 /* GoNetTVShowsiOSChanllenge.app */;
			productType = "com.apple.product-type.application";
		};
/* End PBXNativeTarget section */

/* Begin PBXProject section */
		B4A329282196176100AFABD1 /* Project object */ = {
			isa = PBXProject;
			attributes = {
				LastSwiftUpdateCheck = 1010;
				LastUpgradeCheck = 1010;
				ORGANIZATIONNAME = "Leon Yannik Lopez Rojas";
				TargetAttributes = {
					B4A3292F2196176100AFABD1 = {
						CreatedOnToolsVersion = 10.1;
					};
				};
			};
			buildConfigurationList = B4A3292B2196176100AFABD1 /* Build configuration list for PBXProject "GoNetTVShowsiOSChanllenge" */;
			compatibilityVersion = "Xcode 9.3";
			developmentRegion = en;
			hasScannedForEncodings = 0;
			knownRegions = (
				en,
				Base,
			);
			mainGroup = B4A329272196176100AFABD1;
			productRefGroup = B4A329312196176100AFABD1 /* Products */;
			projectDirPath = "";
			projectRoot = "";
			targets = (
				B4A3292F2196176100AFABD1 /* GoNetTVShowsiOSChanllenge */,
			);
		};
/* End PBXProject section */

/* Begin PBXResourcesBuildPhase section */
		B4A3292E2196176100AFABD1 /* Resources */ = {
			isa = PBXResourcesBuildPhase;
			buildActionMask = 2147483647;
			files = (
				B4A3293E2196176300AFABD1 /* LaunchScreen.storyboard in Resources */,
				B4A3293B2196176300AFABD1 /* Assets.xcassets in Resources */,
				B4A329392196176100AFABD1 /* Main.storyboard in Resources */,
			);
			runOnlyForDeploymentPostprocessing = 0;
		};
/* End PBXResourcesBuildPhase section */

/* Begin PBXSourcesBuildPhase section */
		B4A3292C2196176100AFABD1 /* Sources */ = {
			isa = PBXSourcesBuildPhase;
			buildActionMask = 2147483647;
			files = (
				B4A3295F21965E6D00AFABD1 /* Show+CoreDataProperties.swift in Sources */,
				B4A3295E21965E6D00AFABD1 /* Show+CoreDataClass.swift in Sources */,
				B4A3295421964F5400AFABD1 /* DetailViewController.swift in Sources */,
				B4A3295221961E4500AFABD1 /* Model.swift in Sources */,
				B4A3296121965F9900AFABD1 /* CoreDataShows.swift in Sources */,
				B4A329482196193400AFABD1 /* ShowsViewController.swift in Sources */,
				B4A3295B21965D4000AFABD1 /* Shows.xcdatamodeld in Sources */,
				B4A3294C21961ACF00AFABD1 /* APIController.swift in Sources */,
				B4A3295021961B1000AFABD1 /* Extensions.swift in Sources */,
				B4A3295721965CF800AFABD1 /* CoreDataNames.swift in Sources */,
				B4A329492196193400AFABD1 /* FavoritesViewController.swift in Sources */,
				B4A3294E21961AF600AFABD1 /* SimpleRequests.swift in Sources */,
				B4A3294A2196193400AFABD1 /* ShowTableViewCell.swift in Sources */,
				B4A329342196176100AFABD1 /* AppDelegate.swift in Sources */,
			);
			runOnlyForDeploymentPostprocessing = 0;
		};
/* End PBXSourcesBuildPhase section */

/* Begin PBXVariantGroup section */
		B4A329372196176100AFABD1 /* Main.storyboard */ = {
			isa = PBXVariantGroup;
			children = (
				B4A329382196176100AFABD1 /* Base */,
			);
			name = Main.storyboard;
			sourceTree = "<group>";
		};
		B4A3293C2196176300AFABD1 /* LaunchScreen.storyboard */ = {
			isa = PBXVariantGroup;
			children = (
				B4A3293D2196176300AFABD1 /* Base */,
			);
			name = LaunchScreen.storyboard;
			sourceTree = "<group>";
		};
/* End PBXVariantGroup section */

/* Begin XCBuildConfiguration section */
		B4A329402196176300AFABD1 /* Debug */ = {
			isa = XCBuildConfiguration;
			buildSettings = {
				ALWAYS_SEARCH_USER_PATHS = NO;
				CLANG_ANALYZER_NONNULL = YES;
				CLANG_ANALYZER_NUMBER_OBJECT_CONVERSION = YES_AGGRESSIVE;
				CLANG_CXX_LANGUAGE_STANDARD = "gnu++14";
				CLANG_CXX_LIBRARY = "libc++";
				CLANG_ENABLE_MODULES = YES;
				CLANG_ENABLE_OBJC_ARC = YES;
				CLANG_ENABLE_OBJC_WEAK = YES;
				CLANG_WARN_BLOCK_CAPTURE_AUTORELEASING = YES;
				CLANG_WARN_BOOL_CONVERSION = YES;
				CLANG_WARN_COMMA = YES;
				CLANG_WARN_CONSTANT_CONVERSION = YES;
				CLANG_WARN_DEPRECATED_OBJC_IMPLEMENTATIONS = YES;
				CLANG_WARN_DIRECT_OBJC_ISA_USAGE = YES_ERROR;
				CLANG_WARN_DOCUMENTATION_COMMENTS = YES;
				CLANG_WARN_EMPTY_BODY = YES;
				CLANG_WARN_ENUM_CONVERSION = YES;
				CLANG_WARN_INFINITE_RECURSION = YES;
				CLANG_WARN_INT_CONVERSION = YES;
				CLANG_WARN_NON_LITERAL_NULL_CONVERSION = YES;
				CLANG_WARN_OBJC_IMPLICIT_RETAIN_SELF = YES;
				CLANG_WARN_OBJC_LITERAL_CONVERSION = YES;
				CLANG_WARN_OBJC_ROOT_CLASS = YES_ERROR;
				CLANG_WARN_RANGE_LOOP_ANALYSIS = YES;
				CLANG_WARN_STRICT_PROTOTYPES = YES;
				CLANG_WARN_SUSPICIOUS_MOVE = YES;
				CLANG_WARN_UNGUARDED_AVAILABILITY = YES_AGGRESSIVE;
				CLANG_WARN_UNREACHABLE_CODE = YES;
				CLANG_WARN__DUPLICATE_METHOD_MATCH = YES;
				CODE_SIGN_IDENTITY = "iPhone Developer";
				COPY_PHASE_STRIP = NO;
				DEBUG_INFORMATION_FORMAT = dwarf;
				ENABLE_STRICT_OBJC_MSGSEND = YES;
				ENABLE_TESTABILITY = YES;
				GCC_C_LANGUAGE_STANDARD = gnu11;
				GCC_DYNAMIC_NO_PIC = NO;
				GCC_NO_COMMON_BLOCKS = YES;
				GCC_OPTIMIZATION_LEVEL = 0;
				GCC_PREPROCESSOR_DEFINITIONS = (
					"DEBUG=1",
					"$(inherited)",
				);
				GCC_WARN_64_TO_32_BIT_CONVERSION = YES;
				GCC_WARN_ABOUT_RETURN_TYPE = YES_ERROR;
				GCC_WARN_UNDECLARED_SELECTOR = YES;
				GCC_WARN_UNINITIALIZED_AUTOS = YES_AGGRESSIVE;
				GCC_WARN_UNUSED_FUNCTION = YES;
				GCC_WARN_UNUSED_VARIABLE = YES;
				IPHONEOS_DEPLOYMENT_TARGET = 12.1;
				MTL_ENABLE_DEBUG_INFO = INCLUDE_SOURCE;
				MTL_FAST_MATH = YES;
				ONLY_ACTIVE_ARCH = YES;
				SDKROOT = iphoneos;
				SWIFT_ACTIVE_COMPILATION_CONDITIONS = DEBUG;
				SWIFT_OPTIMIZATION_LEVEL = "-Onone";
			};
			name = Debug;
		};
		B4A329412196176300AFABD1 /* Release */ = {
			isa = XCBuildConfiguration;
			buildSettings = {
				ALWAYS_SEARCH_USER_PATHS = NO;
				CLANG_ANALYZER_NONNULL = YES;
				CLANG_ANALYZER_NUMBER_OBJECT_CONVERSION = YES_AGGRESSIVE;
				CLANG_CXX_LANGUAGE_STANDARD = "gnu++14";
				CLANG_CXX_LIBRARY = "libc++";
				CLANG_ENABLE_MODULES = YES;
				CLANG_ENABLE_OBJC_ARC = YES;
				CLANG_ENABLE_OBJC_WEAK = YES;
				CLANG_WARN_BLOCK_CAPTURE_AUTORELEASING = YES;
				CLANG_WARN_BOOL_CONVERSION = YES;
				CLANG_WARN_COMMA = YES;
				CLANG_WARN_CONSTANT_CONVERSION = YES;
				CLANG_WARN_DEPRECATED_OBJC_IMPLEMENTATIONS = YES;
				CLANG_WARN_DIRECT_OBJC_ISA_USAGE = YES_ERROR;
				CLANG_WARN_DOCUMENTATION_COMMENTS = YES;
				CLANG_WARN_EMPTY_BODY = YES;
				CLANG_WARN_ENUM_CONVERSION = YES;
				CLANG_WARN_INFINITE_RECURSION = YES;
				CLANG_WARN_INT_CONVERSION = YES;
				CLANG_WARN_NON_LITERAL_NULL_CONVERSION = YES;
				CLANG_WARN_OBJC_IMPLICIT_RETAIN_SELF = YES;
				CLANG_WARN_OBJC_LITERAL_CONVERSION = YES;
				CLANG_WARN_OBJC_ROOT_CLASS = YES_ERROR;
				CLANG_WARN_RANGE_LOOP_ANALYSIS = YES;
				CLANG_WARN_STRICT_PROTOTYPES = YES;
				CLANG_WARN_SUSPICIOUS_MOVE = YES;
				CLANG_WARN_UNGUARDED_AVAILABILITY = YES_AGGRESSIVE;
				CLANG_WARN_UNREACHABLE_CODE = YES;
				CLANG_WARN__DUPLICATE_METHOD_MATCH = YES;
				CODE_SIGN_IDENTITY = "iPhone Developer";
				COPY_PHASE_STRIP = NO;
				DEBUG_INFORMATION_FORMAT = "dwarf-with-dsym";
				ENABLE_NS_ASSERTIONS = NO;
				ENABLE_STRICT_OBJC_MSGSEND = YES;
				GCC_C_LANGUAGE_STANDARD = gnu11;
				GCC_NO_COMMON_BLOCKS = YES;
				GCC_WARN_64_TO_32_BIT_CONVERSION = YES;
				GCC_WARN_ABOUT_RETURN_TYPE = YES_ERROR;
				GCC_WARN_UNDECLARED_SELECTOR = YES;
				GCC_WARN_UNINITIALIZED_AUTOS = YES_AGGRESSIVE;
				GCC_WARN_UNUSED_FUNCTION = YES;
				GCC_WARN_UNUSED_VARIABLE = YES;
				IPHONEOS_DEPLOYMENT_TARGET = 12.1;
				MTL_ENABLE_DEBUG_INFO = NO;
				MTL_FAST_MATH = YES;
				SDKROOT = iphoneos;
				SWIFT_COMPILATION_MODE = wholemodule;
				SWIFT_OPTIMIZATION_LEVEL = "-O";
				VALIDATE_PRODUCT = YES;
			};
			name = Release;
		};
		B4A329432196176300AFABD1 /* Debug */ = {
			isa = XCBuildConfiguration;
			buildSettings = {
				ASSETCATALOG_COMPILER_APPICON_NAME = AppIcon;
				CODE_SIGN_STYLE = Automatic;
				DEVELOPMENT_TEAM = 8S6K3F9Y43;
				INFOPLIST_FILE = GoNetTVShowsiOSChanllenge/Info.plist;
				LD_RUNPATH_SEARCH_PATHS = (
					"$(inherited)",
					"@executable_path/Frameworks",
				);
				PRODUCT_BUNDLE_IDENTIFIER = com.leonyannik.GoNetTVShowsiOSChanllenge;
				PRODUCT_NAME = "$(TARGET_NAME)";
				SWIFT_VERSION = 4.2;
				TARGETED_DEVICE_FAMILY = "1,2";
			};
			name = Debug;
		};
		B4A329442196176300AFABD1 /* Release */ = {
			isa = XCBuildConfiguration;
			buildSettings = {
				ASSETCATALOG_COMPILER_APPICON_NAME = AppIcon;
				CODE_SIGN_STYLE = Automatic;
				DEVELOPMENT_TEAM = 8S6K3F9Y43;
				INFOPLIST_FILE = GoNetTVShowsiOSChanllenge/Info.plist;
				LD_RUNPATH_SEARCH_PATHS = (
					"$(inherited)",
					"@executable_path/Frameworks",
				);
				PRODUCT_BUNDLE_IDENTIFIER = com.leonyannik.GoNetTVShowsiOSChanllenge;
				PRODUCT_NAME = "$(TARGET_NAME)";
				SWIFT_VERSION = 4.2;
				TARGETED_DEVICE_FAMILY = "1,2";
			};
			name = Release;
		};
/* End XCBuildConfiguration section */

/* Begin XCConfigurationList section */
		B4A3292B2196176100AFABD1 /* Build configuration list for PBXProject "GoNetTVShowsiOSChanllenge" */ = {
			isa = XCConfigurationList;
			buildConfigurations = (
				B4A329402196176300AFABD1 /* Debug */,
				B4A329412196176300AFABD1 /* Release */,
			);
			defaultConfigurationIsVisible = 0;
			defaultConfigurationName = Release;
		};
		B4A329422196176300AFABD1 /* Build configuration list for PBXNativeTarget "GoNetTVShowsiOSChanllenge" */ = {
			isa = XCConfigurationList;
			buildConfigurations = (
				B4A329432196176300AFABD1 /* Debug */,
				B4A329442196176300AFABD1 /* Release */,
			);
			defaultConfigurationIsVisible = 0;
			defaultConfigurationName = Release;
		};
/* End XCConfigurationList section */

/* Begin XCVersionGroup section */
		B4A3295921965D4000AFABD1 /* Shows.xcdatamodeld */ = {
			isa = XCVersionGroup;
			children = (
				B4A3295A21965D4000AFABD1 /* Shows.xcdatamodel */,
			);
			currentVersion = B4A3295A21965D4000AFABD1 /* Shows.xcdatamodel */;
			path = Shows.xcdatamodeld;
			sourceTree = "<group>";
			versionGroupType = wrapper.xcdatamodel;
		};
/* End XCVersionGroup section */
	};
	rootObject = B4A329282196176100AFABD1 /* Project object */;
}
